// !$*UTF8*$!
{
	archiveVersion = 1;
	classes = {
	};
	objectVersion = 50;
	objects = {

/* Begin PBXBuildFile section */
		FA17FD3826EFAFF1008E1B8D /* WebViewController.swift in Sources */ = {isa = PBXBuildFile; fileRef = FA17FD3726EFAFF1008E1B8D /* WebViewController.swift */; };
		FA72F03F26F0B3D800AA090A /* ActivityIndicator.swift in Sources */ = {isa = PBXBuildFile; fileRef = FA72F03E26F0B3D800AA090A /* ActivityIndicator.swift */; };
		FA72F04126F0B41A00AA090A /* UIView.swift in Sources */ = {isa = PBXBuildFile; fileRef = FA72F04026F0B41A00AA090A /* UIView.swift */; };
		FA72F04426F0C36900AA090A /* Alert.swift in Sources */ = {isa = PBXBuildFile; fileRef = FA72F04326F0C36900AA090A /* Alert.swift */; };
		FA949ED726EA60AD00BAA392 /* AppDelegate.swift in Sources */ = {isa = PBXBuildFile; fileRef = FA949ED626EA60AD00BAA392 /* AppDelegate.swift */; };
		FA949ED926EA60AD00BAA392 /* SceneDelegate.swift in Sources */ = {isa = PBXBuildFile; fileRef = FA949ED826EA60AD00BAA392 /* SceneDelegate.swift */; };
		FA949EE026EA60B600BAA392 /* Assets.xcassets in Resources */ = {isa = PBXBuildFile; fileRef = FA949EDF26EA60B600BAA392 /* Assets.xcassets */; };
		FA949EE326EA60B600BAA392 /* LaunchScreen.storyboard in Resources */ = {isa = PBXBuildFile; fileRef = FA949EE126EA60B600BAA392 /* LaunchScreen.storyboard */; };
		FA949EEE26EA60B700BAA392 /* MobiliumMovieAppCaseTests.swift in Sources */ = {isa = PBXBuildFile; fileRef = FA949EED26EA60B700BAA392 /* MobiliumMovieAppCaseTests.swift */; };
		FA949EF926EA60B700BAA392 /* MobiliumMovieAppCaseUITests.swift in Sources */ = {isa = PBXBuildFile; fileRef = FA949EF826EA60B700BAA392 /* MobiliumMovieAppCaseUITests.swift */; };
		FA949F1826EA6F9600BAA392 /* DataManager.swift in Sources */ = {isa = PBXBuildFile; fileRef = FA949F1726EA6F9600BAA392 /* DataManager.swift */; };
		FA949F1A26EA701000BAA392 /* NetworkRequest.swift in Sources */ = {isa = PBXBuildFile; fileRef = FA949F1926EA701000BAA392 /* NetworkRequest.swift */; };
		FA949F1C26EA702E00BAA392 /* APIConnection.swift in Sources */ = {isa = PBXBuildFile; fileRef = FA949F1B26EA702E00BAA392 /* APIConnection.swift */; };
		FA949F9B26EA823B00BAA392 /* MoviesViewController.swift in Sources */ = {isa = PBXBuildFile; fileRef = FA949F9A26EA823B00BAA392 /* MoviesViewController.swift */; };
		FA949F9D26EA826600BAA392 /* MovieDetailViewController.swift in Sources */ = {isa = PBXBuildFile; fileRef = FA949F9C26EA826600BAA392 /* MovieDetailViewController.swift */; };
		FA949F9F26EA94AB00BAA392 /* Parser.swift in Sources */ = {isa = PBXBuildFile; fileRef = FA949F9E26EA94AB00BAA392 /* Parser.swift */; };
		FA949FA226EA964A00BAA392 /* String.swift in Sources */ = {isa = PBXBuildFile; fileRef = FA949FA126EA964A00BAA392 /* String.swift */; };
		FA949FA426EA96D200BAA392 /* Messages.swift in Sources */ = {isa = PBXBuildFile; fileRef = FA949FA326EA96D200BAA392 /* Messages.swift */; };
		FA949FA626EAA37100BAA392 /* Reachability.swift in Sources */ = {isa = PBXBuildFile; fileRef = FA949FA526EAA37100BAA392 /* Reachability.swift */; };
		FA949FAC26EAB4EF00BAA392 /* MovieModel.swift in Sources */ = {isa = PBXBuildFile; fileRef = FA949FAB26EAB4EF00BAA392 /* MovieModel.swift */; };
		FA949FBC26EB321200BAA392 /* UIViewController.swift in Sources */ = {isa = PBXBuildFile; fileRef = FA949FBB26EB321200BAA392 /* UIViewController.swift */; };
		FA949FC026EB36CB00BAA392 /* NowPlayingCollectionViewCell.swift in Sources */ = {isa = PBXBuildFile; fileRef = FA949FBE26EB36CA00BAA392 /* NowPlayingCollectionViewCell.swift */; };
		FA949FC126EB36CB00BAA392 /* NowPlayingCollectionViewCell.xib in Resources */ = {isa = PBXBuildFile; fileRef = FA949FBF26EB36CA00BAA392 /* NowPlayingCollectionViewCell.xib */; };
		FA949FC626EB3F3400BAA392 /* UpComingTableViewCell.swift in Sources */ = {isa = PBXBuildFile; fileRef = FA949FC426EB3F3300BAA392 /* UpComingTableViewCell.swift */; };
		FA949FC726EB3F3400BAA392 /* UpComingTableViewCell.xib in Resources */ = {isa = PBXBuildFile; fileRef = FA949FC526EB3F3400BAA392 /* UpComingTableViewCell.xib */; };
		FA949FC926EB509A00BAA392 /* UIStoryBoard.swift in Sources */ = {isa = PBXBuildFile; fileRef = FA949FC826EB509A00BAA392 /* UIStoryBoard.swift */; };
		FAA4CA3526EC92DA002DCCD0 /* MovieAPIProtocol.swift in Sources */ = {isa = PBXBuildFile; fileRef = FAA4CA3426EC92DA002DCCD0 /* MovieAPIProtocol.swift */; };
		FAA4CA7326ED01DD002DCCD0 /* Main.storyboard in Resources */ = {isa = PBXBuildFile; fileRef = FAA4CA7226ED01DD002DCCD0 /* Main.storyboard */; };
		FAD4057026EDC53500873B26 /* ViewCell.swift in Sources */ = {isa = PBXBuildFile; fileRef = FAD4056F26EDC53500873B26 /* ViewCell.swift */; };
		FAD4057726EE2B0900873B26 /* MoviesViewModel.swift in Sources */ = {isa = PBXBuildFile; fileRef = FAD4057626EE2B0900873B26 /* MoviesViewModel.swift */; };
		FAD4057926EE3FC200873B26 /* MovieDetailViewModel.swift in Sources */ = {isa = PBXBuildFile; fileRef = FAD4057826EE3FC200873B26 /* MovieDetailViewModel.swift */; };
		FAD4057C26EE923C00873B26 /* NavigationBar.swift in Sources */ = {isa = PBXBuildFile; fileRef = FAD4057B26EE923B00873B26 /* NavigationBar.swift */; };
		FAD4057E26EE937000873B26 /* NavigationBar.xib in Resources */ = {isa = PBXBuildFile; fileRef = FAD4057D26EE937000873B26 /* NavigationBar.xib */; };
		FAD4058C26EF4F8000873B26 /* SF-Pro-Display-Light.otf in Resources */ = {isa = PBXBuildFile; fileRef = FAD4058026EF4F7F00873B26 /* SF-Pro-Display-Light.otf */; };
		FAD4058D26EF4F8000873B26 /* SF-Pro-Display-Regular.otf in Resources */ = {isa = PBXBuildFile; fileRef = FAD4058126EF4F7F00873B26 /* SF-Pro-Display-Regular.otf */; };
		FAD4058E26EF4F8000873B26 /* SF-Pro-Display-Bold.otf in Resources */ = {isa = PBXBuildFile; fileRef = FAD4058226EF4F7F00873B26 /* SF-Pro-Display-Bold.otf */; };
		FAD4058F26EF4F8000873B26 /* SF-Pro-Display-Medium.otf in Resources */ = {isa = PBXBuildFile; fileRef = FAD4058326EF4F7F00873B26 /* SF-Pro-Display-Medium.otf */; };
		FAD4059126EF4F8000873B26 /* SF-Pro-Text-Light.otf in Resources */ = {isa = PBXBuildFile; fileRef = FAD4058526EF4F7F00873B26 /* SF-Pro-Text-Light.otf */; };
		FAD4059226EF4F8000873B26 /* SF-Pro-Display-Semibold.otf in Resources */ = {isa = PBXBuildFile; fileRef = FAD4058626EF4F7F00873B26 /* SF-Pro-Display-Semibold.otf */; };
		FAD4059426EF4F8000873B26 /* SF-Pro-Text-Regular.otf in Resources */ = {isa = PBXBuildFile; fileRef = FAD4058826EF4F7F00873B26 /* SF-Pro-Text-Regular.otf */; };
		FAD4059526EF4F8000873B26 /* SF-Pro-Text-Bold.otf in Resources */ = {isa = PBXBuildFile; fileRef = FAD4058926EF4F7F00873B26 /* SF-Pro-Text-Bold.otf */; };
		FAD4059626EF4F8000873B26 /* SF-Pro-Text-Semibold.otf in Resources */ = {isa = PBXBuildFile; fileRef = FAD4058A26EF4F7F00873B26 /* SF-Pro-Text-Semibold.otf */; };
		FAD4059726EF4F8000873B26 /* SF-Pro-Text-Medium.otf in Resources */ = {isa = PBXBuildFile; fileRef = FAD4058B26EF4F7F00873B26 /* SF-Pro-Text-Medium.otf */; };
/* End PBXBuildFile section */

/* Begin PBXContainerItemProxy section */
		FA949EEA26EA60B700BAA392 /* PBXContainerItemProxy */ = {
			isa = PBXContainerItemProxy;
			containerPortal = FA949ECB26EA60AD00BAA392 /* Project object */;
			proxyType = 1;
			remoteGlobalIDString = FA949ED226EA60AD00BAA392;
			remoteInfo = MobiliumMovieAppCase;
		};
		FA949EF526EA60B700BAA392 /* PBXContainerItemProxy */ = {
			isa = PBXContainerItemProxy;
			containerPortal = FA949ECB26EA60AD00BAA392 /* Project object */;
			proxyType = 1;
			remoteGlobalIDString = FA949ED226EA60AD00BAA392;
			remoteInfo = MobiliumMovieAppCase;
		};
/* End PBXContainerItemProxy section */

/* Begin PBXFileReference section */
		FA17FD3726EFAFF1008E1B8D /* WebViewController.swift */ = {isa = PBXFileReference; lastKnownFileType = sourcecode.swift; path = WebViewController.swift; sourceTree = "<group>"; };
		FA72F03E26F0B3D800AA090A /* ActivityIndicator.swift */ = {isa = PBXFileReference; lastKnownFileType = sourcecode.swift; path = ActivityIndicator.swift; sourceTree = "<group>"; };
		FA72F04026F0B41A00AA090A /* UIView.swift */ = {isa = PBXFileReference; lastKnownFileType = sourcecode.swift; path = UIView.swift; sourceTree = "<group>"; };
		FA72F04326F0C36900AA090A /* Alert.swift */ = {isa = PBXFileReference; lastKnownFileType = sourcecode.swift; path = Alert.swift; sourceTree = "<group>"; };
		FA949ED326EA60AD00BAA392 /* MobiliumMovieAppCase.app */ = {isa = PBXFileReference; explicitFileType = wrapper.application; includeInIndex = 0; path = MobiliumMovieAppCase.app; sourceTree = BUILT_PRODUCTS_DIR; };
		FA949ED626EA60AD00BAA392 /* AppDelegate.swift */ = {isa = PBXFileReference; lastKnownFileType = sourcecode.swift; path = AppDelegate.swift; sourceTree = "<group>"; };
		FA949ED826EA60AD00BAA392 /* SceneDelegate.swift */ = {isa = PBXFileReference; lastKnownFileType = sourcecode.swift; path = SceneDelegate.swift; sourceTree = "<group>"; };
		FA949EDF26EA60B600BAA392 /* Assets.xcassets */ = {isa = PBXFileReference; lastKnownFileType = folder.assetcatalog; path = Assets.xcassets; sourceTree = "<group>"; };
		FA949EE226EA60B600BAA392 /* Base */ = {isa = PBXFileReference; lastKnownFileType = file.storyboard; name = Base; path = Base.lproj/LaunchScreen.storyboard; sourceTree = "<group>"; };
		FA949EE426EA60B600BAA392 /* Info.plist */ = {isa = PBXFileReference; lastKnownFileType = text.plist.xml; path = Info.plist; sourceTree = "<group>"; };
		FA949EE926EA60B700BAA392 /* MobiliumMovieAppCaseTests.xctest */ = {isa = PBXFileReference; explicitFileType = wrapper.cfbundle; includeInIndex = 0; path = MobiliumMovieAppCaseTests.xctest; sourceTree = BUILT_PRODUCTS_DIR; };
		FA949EED26EA60B700BAA392 /* MobiliumMovieAppCaseTests.swift */ = {isa = PBXFileReference; lastKnownFileType = sourcecode.swift; path = MobiliumMovieAppCaseTests.swift; sourceTree = "<group>"; };
		FA949EEF26EA60B700BAA392 /* Info.plist */ = {isa = PBXFileReference; lastKnownFileType = text.plist.xml; path = Info.plist; sourceTree = "<group>"; };
		FA949EF426EA60B700BAA392 /* MobiliumMovieAppCaseUITests.xctest */ = {isa = PBXFileReference; explicitFileType = wrapper.cfbundle; includeInIndex = 0; path = MobiliumMovieAppCaseUITests.xctest; sourceTree = BUILT_PRODUCTS_DIR; };
		FA949EF826EA60B700BAA392 /* MobiliumMovieAppCaseUITests.swift */ = {isa = PBXFileReference; lastKnownFileType = sourcecode.swift; path = MobiliumMovieAppCaseUITests.swift; sourceTree = "<group>"; };
		FA949EFA26EA60B700BAA392 /* Info.plist */ = {isa = PBXFileReference; lastKnownFileType = text.plist.xml; path = Info.plist; sourceTree = "<group>"; };
		FA949F1726EA6F9600BAA392 /* DataManager.swift */ = {isa = PBXFileReference; lastKnownFileType = sourcecode.swift; path = DataManager.swift; sourceTree = "<group>"; };
		FA949F1926EA701000BAA392 /* NetworkRequest.swift */ = {isa = PBXFileReference; lastKnownFileType = sourcecode.swift; path = NetworkRequest.swift; sourceTree = "<group>"; };
		FA949F1B26EA702E00BAA392 /* APIConnection.swift */ = {isa = PBXFileReference; lastKnownFileType = sourcecode.swift; path = APIConnection.swift; sourceTree = "<group>"; };
		FA949F9A26EA823B00BAA392 /* MoviesViewController.swift */ = {isa = PBXFileReference; lastKnownFileType = sourcecode.swift; path = MoviesViewController.swift; sourceTree = "<group>"; };
		FA949F9C26EA826600BAA392 /* MovieDetailViewController.swift */ = {isa = PBXFileReference; lastKnownFileType = sourcecode.swift; path = MovieDetailViewController.swift; sourceTree = "<group>"; };
		FA949F9E26EA94AB00BAA392 /* Parser.swift */ = {isa = PBXFileReference; lastKnownFileType = sourcecode.swift; path = Parser.swift; sourceTree = "<group>"; };
		FA949FA126EA964A00BAA392 /* String.swift */ = {isa = PBXFileReference; lastKnownFileType = sourcecode.swift; name = String.swift; path = ../../../Assets/String.swift; sourceTree = "<group>"; };
		FA949FA326EA96D200BAA392 /* Messages.swift */ = {isa = PBXFileReference; lastKnownFileType = sourcecode.swift; path = Messages.swift; sourceTree = "<group>"; };
		FA949FA526EAA37100BAA392 /* Reachability.swift */ = {isa = PBXFileReference; lastKnownFileType = sourcecode.swift; path = Reachability.swift; sourceTree = "<group>"; };
		FA949FAB26EAB4EF00BAA392 /* MovieModel.swift */ = {isa = PBXFileReference; lastKnownFileType = sourcecode.swift; path = MovieModel.swift; sourceTree = "<group>"; };
		FA949FBB26EB321200BAA392 /* UIViewController.swift */ = {isa = PBXFileReference; lastKnownFileType = sourcecode.swift; path = UIViewController.swift; sourceTree = "<group>"; };
		FA949FBE26EB36CA00BAA392 /* NowPlayingCollectionViewCell.swift */ = {isa = PBXFileReference; lastKnownFileType = sourcecode.swift; path = NowPlayingCollectionViewCell.swift; sourceTree = "<group>"; };
		FA949FBF26EB36CA00BAA392 /* NowPlayingCollectionViewCell.xib */ = {isa = PBXFileReference; lastKnownFileType = file.xib; path = NowPlayingCollectionViewCell.xib; sourceTree = "<group>"; };
		FA949FC426EB3F3300BAA392 /* UpComingTableViewCell.swift */ = {isa = PBXFileReference; lastKnownFileType = sourcecode.swift; path = UpComingTableViewCell.swift; sourceTree = "<group>"; };
		FA949FC526EB3F3400BAA392 /* UpComingTableViewCell.xib */ = {isa = PBXFileReference; lastKnownFileType = file.xib; path = UpComingTableViewCell.xib; sourceTree = "<group>"; };
		FA949FC826EB509A00BAA392 /* UIStoryBoard.swift */ = {isa = PBXFileReference; lastKnownFileType = sourcecode.swift; path = UIStoryBoard.swift; sourceTree = "<group>"; };
		FAA4CA3426EC92DA002DCCD0 /* MovieAPIProtocol.swift */ = {isa = PBXFileReference; lastKnownFileType = sourcecode.swift; path = MovieAPIProtocol.swift; sourceTree = "<group>"; };
		FAA4CA7226ED01DD002DCCD0 /* Main.storyboard */ = {isa = PBXFileReference; lastKnownFileType = file.storyboard; path = Main.storyboard; sourceTree = "<group>"; };
		FAD4056F26EDC53500873B26 /* ViewCell.swift */ = {isa = PBXFileReference; lastKnownFileType = sourcecode.swift; path = ViewCell.swift; sourceTree = "<group>"; };
		FAD4057626EE2B0900873B26 /* MoviesViewModel.swift */ = {isa = PBXFileReference; lastKnownFileType = sourcecode.swift; path = MoviesViewModel.swift; sourceTree = "<group>"; };
		FAD4057826EE3FC200873B26 /* MovieDetailViewModel.swift */ = {isa = PBXFileReference; lastKnownFileType = sourcecode.swift; path = MovieDetailViewModel.swift; sourceTree = "<group>"; };
		FAD4057B26EE923B00873B26 /* NavigationBar.swift */ = {isa = PBXFileReference; lastKnownFileType = sourcecode.swift; path = NavigationBar.swift; sourceTree = "<group>"; };
		FAD4057D26EE937000873B26 /* NavigationBar.xib */ = {isa = PBXFileReference; lastKnownFileType = file.xib; path = NavigationBar.xib; sourceTree = "<group>"; };
		FAD4058026EF4F7F00873B26 /* SF-Pro-Display-Light.otf */ = {isa = PBXFileReference; lastKnownFileType = file; path = "SF-Pro-Display-Light.otf"; sourceTree = "<group>"; };
		FAD4058126EF4F7F00873B26 /* SF-Pro-Display-Regular.otf */ = {isa = PBXFileReference; lastKnownFileType = file; path = "SF-Pro-Display-Regular.otf"; sourceTree = "<group>"; };
		FAD4058226EF4F7F00873B26 /* SF-Pro-Display-Bold.otf */ = {isa = PBXFileReference; lastKnownFileType = file; path = "SF-Pro-Display-Bold.otf"; sourceTree = "<group>"; };
		FAD4058326EF4F7F00873B26 /* SF-Pro-Display-Medium.otf */ = {isa = PBXFileReference; lastKnownFileType = file; path = "SF-Pro-Display-Medium.otf"; sourceTree = "<group>"; };
		FAD4058526EF4F7F00873B26 /* SF-Pro-Text-Light.otf */ = {isa = PBXFileReference; lastKnownFileType = file; path = "SF-Pro-Text-Light.otf"; sourceTree = "<group>"; };
		FAD4058626EF4F7F00873B26 /* SF-Pro-Display-Semibold.otf */ = {isa = PBXFileReference; lastKnownFileType = file; path = "SF-Pro-Display-Semibold.otf"; sourceTree = "<group>"; };
		FAD4058826EF4F7F00873B26 /* SF-Pro-Text-Regular.otf */ = {isa = PBXFileReference; lastKnownFileType = file; path = "SF-Pro-Text-Regular.otf"; sourceTree = "<group>"; };
		FAD4058926EF4F7F00873B26 /* SF-Pro-Text-Bold.otf */ = {isa = PBXFileReference; lastKnownFileType = file; path = "SF-Pro-Text-Bold.otf"; sourceTree = "<group>"; };
		FAD4058A26EF4F7F00873B26 /* SF-Pro-Text-Semibold.otf */ = {isa = PBXFileReference; lastKnownFileType = file; path = "SF-Pro-Text-Semibold.otf"; sourceTree = "<group>"; };
		FAD4058B26EF4F7F00873B26 /* SF-Pro-Text-Medium.otf */ = {isa = PBXFileReference; lastKnownFileType = file; path = "SF-Pro-Text-Medium.otf"; sourceTree = "<group>"; };
/* End PBXFileReference section */

/* Begin PBXFrameworksBuildPhase section */
		FA949ED026EA60AD00BAA392 /* Frameworks */ = {
			isa = PBXFrameworksBuildPhase;
			buildActionMask = 2147483647;
			files = (
			);
			runOnlyForDeploymentPostprocessing = 0;
		};
		FA949EE626EA60B700BAA392 /* Frameworks */ = {
			isa = PBXFrameworksBuildPhase;
			buildActionMask = 2147483647;
			files = (
			);
			runOnlyForDeploymentPostprocessing = 0;
		};
		FA949EF126EA60B700BAA392 /* Frameworks */ = {
			isa = PBXFrameworksBuildPhase;
			buildActionMask = 2147483647;
			files = (
			);
			runOnlyForDeploymentPostprocessing = 0;
		};
/* End PBXFrameworksBuildPhase section */

/* Begin PBXGroup section */
		FA17FD3626EFAFAD008E1B8D /* WebView Controller */ = {
			isa = PBXGroup;
			children = (
				FA17FD3726EFAFF1008E1B8D /* WebViewController.swift */,
			);
			path = "WebView Controller";
			sourceTree = "<group>";
		};
		FA72F04226F0B44800AA090A /* Utils */ = {
			isa = PBXGroup;
			children = (
				FA72F03E26F0B3D800AA090A /* ActivityIndicator.swift */,
				FA72F04326F0C36900AA090A /* Alert.swift */,
			);
			path = Utils;
			sourceTree = "<group>";
		};
		FA949ECA26EA60AD00BAA392 = {
			isa = PBXGroup;
			children = (
				FA949ED526EA60AD00BAA392 /* MobiliumMovieAppCase */,
				FA949EEC26EA60B700BAA392 /* MobiliumMovieAppCaseTests */,
				FA949EF726EA60B700BAA392 /* MobiliumMovieAppCaseUITests */,
				FA949ED426EA60AD00BAA392 /* Products */,
			);
			sourceTree = "<group>";
		};
		FA949ED426EA60AD00BAA392 /* Products */ = {
			isa = PBXGroup;
			children = (
				FA949ED326EA60AD00BAA392 /* MobiliumMovieAppCase.app */,
				FA949EE926EA60B700BAA392 /* MobiliumMovieAppCaseTests.xctest */,
				FA949EF426EA60B700BAA392 /* MobiliumMovieAppCaseUITests.xctest */,
			);
			name = Products;
			sourceTree = "<group>";
		};
		FA949ED526EA60AD00BAA392 /* MobiliumMovieAppCase */ = {
			isa = PBXGroup;
			children = (
				FA949FA026EA963A00BAA392 /* Extensions */,
				FA949F9526EA818100BAA392 /* Views */,
				FA949F1326EA6AF900BAA392 /* Resources */,
				FA949F1026EA67E900BAA392 /* Helpers */,
				FA949F0926EA664600BAA392 /* View Controllers */,
				FA949F0826EA641E00BAA392 /* Storyboards */,
				FA949F0726EA640A00BAA392 /* Models */,
				FA949F0626EA63F300BAA392 /* Application Delegate */,
				FA949F1426EA6B1600BAA392 /* Supporting Files */,
			);
			path = MobiliumMovieAppCase;
			sourceTree = "<group>";
		};
		FA949EEC26EA60B700BAA392 /* MobiliumMovieAppCaseTests */ = {
			isa = PBXGroup;
			children = (
				FA949EED26EA60B700BAA392 /* MobiliumMovieAppCaseTests.swift */,
				FA949EEF26EA60B700BAA392 /* Info.plist */,
			);
			path = MobiliumMovieAppCaseTests;
			sourceTree = "<group>";
		};
		FA949EF726EA60B700BAA392 /* MobiliumMovieAppCaseUITests */ = {
			isa = PBXGroup;
			children = (
				FA949EF826EA60B700BAA392 /* MobiliumMovieAppCaseUITests.swift */,
				FA949EFA26EA60B700BAA392 /* Info.plist */,
			);
			path = MobiliumMovieAppCaseUITests;
			sourceTree = "<group>";
		};
		FA949F0626EA63F300BAA392 /* Application Delegate */ = {
			isa = PBXGroup;
			children = (
				FA949ED826EA60AD00BAA392 /* SceneDelegate.swift */,
				FA949ED626EA60AD00BAA392 /* AppDelegate.swift */,
			);
			path = "Application Delegate";
			sourceTree = "<group>";
		};
		FA949F0726EA640A00BAA392 /* Models */ = {
			isa = PBXGroup;
			children = (
				FA949FAB26EAB4EF00BAA392 /* MovieModel.swift */,
			);
			path = Models;
			sourceTree = "<group>";
		};
		FA949F0826EA641E00BAA392 /* Storyboards */ = {
			isa = PBXGroup;
			children = (
				FA949EE126EA60B600BAA392 /* LaunchScreen.storyboard */,
				FAA4CA7226ED01DD002DCCD0 /* Main.storyboard */,
			);
			path = Storyboards;
			sourceTree = "<group>";
		};
		FA949F0926EA664600BAA392 /* View Controllers */ = {
			isa = PBXGroup;
			children = (
				FA949F9626EA81A400BAA392 /* Movies View Controller */,
				FA949F9726EA81B200BAA392 /* Movie Detail View Controller */,
			);
			path = "View Controllers";
			sourceTree = "<group>";
		};
		FA949F1026EA67E900BAA392 /* Helpers */ = {
			isa = PBXGroup;
			children = (
				FA72F04226F0B44800AA090A /* Utils */,
				FAA4CA3326EC92A4002DCCD0 /* Protocol */,
				FA949F1626EA6F8200BAA392 /* Network Manager */,
				FA949F1526EA6F7000BAA392 /* Data Manager */,
				FA949FA326EA96D200BAA392 /* Messages.swift */,
				FA949FA526EAA37100BAA392 /* Reachability.swift */,
			);
			path = Helpers;
			sourceTree = "<group>";
		};
		FA949F1326EA6AF900BAA392 /* Resources */ = {
			isa = PBXGroup;
			children = (
				FAD4057F26EF4F7F00873B26 /* Fonts */,
				FA949EDF26EA60B600BAA392 /* Assets.xcassets */,
			);
			path = Resources;
			sourceTree = "<group>";
		};
		FA949F1426EA6B1600BAA392 /* Supporting Files */ = {
			isa = PBXGroup;
			children = (
				FA949EE426EA60B600BAA392 /* Info.plist */,
			);
			path = "Supporting Files";
			sourceTree = "<group>";
		};
		FA949F1526EA6F7000BAA392 /* Data Manager */ = {
			isa = PBXGroup;
			children = (
				FA949F1726EA6F9600BAA392 /* DataManager.swift */,
			);
			path = "Data Manager";
			sourceTree = "<group>";
		};
		FA949F1626EA6F8200BAA392 /* Network Manager */ = {
			isa = PBXGroup;
			children = (
				FA949F1926EA701000BAA392 /* NetworkRequest.swift */,
				FA949F1B26EA702E00BAA392 /* APIConnection.swift */,
				FA949F9E26EA94AB00BAA392 /* Parser.swift */,
			);
			path = "Network Manager";
			sourceTree = "<group>";
		};
		FA949F9526EA818100BAA392 /* Views */ = {
			isa = PBXGroup;
			children = (
				FAD4057A26EE914700873B26 /* Top Bar */,
				FA949FB526EB30B000BAA392 /* View Cells */,
			);
			path = Views;
			sourceTree = "<group>";
		};
		FA949F9626EA81A400BAA392 /* Movies View Controller */ = {
			isa = PBXGroup;
			children = (
				FA949F9826EA820D00BAA392 /* View Models */,
				FA949F9A26EA823B00BAA392 /* MoviesViewController.swift */,
			);
			path = "Movies View Controller";
			sourceTree = "<group>";
		};
		FA949F9726EA81B200BAA392 /* Movie Detail View Controller */ = {
			isa = PBXGroup;
			children = (
				FA17FD3626EFAFAD008E1B8D /* WebView Controller */,
				FA949F9926EA821600BAA392 /* View Models */,
				FA949F9C26EA826600BAA392 /* MovieDetailViewController.swift */,
			);
			path = "Movie Detail View Controller";
			sourceTree = "<group>";
		};
		FA949F9826EA820D00BAA392 /* View Models */ = {
			isa = PBXGroup;
			children = (
				FAD4057626EE2B0900873B26 /* MoviesViewModel.swift */,
			);
			path = "View Models";
			sourceTree = "<group>";
		};
		FA949F9926EA821600BAA392 /* View Models */ = {
			isa = PBXGroup;
			children = (
				FAD4057826EE3FC200873B26 /* MovieDetailViewModel.swift */,
			);
			path = "View Models";
			sourceTree = "<group>";
		};
		FA949FA026EA963A00BAA392 /* Extensions */ = {
			isa = PBXGroup;
			children = (
				FA949FA126EA964A00BAA392 /* String.swift */,
				FA949FBB26EB321200BAA392 /* UIViewController.swift */,
				FA949FC826EB509A00BAA392 /* UIStoryBoard.swift */,
				FAD4056F26EDC53500873B26 /* ViewCell.swift */,
				FA72F04026F0B41A00AA090A /* UIView.swift */,
			);
			path = Extensions;
			sourceTree = "<group>";
		};
		FA949FB526EB30B000BAA392 /* View Cells */ = {
			isa = PBXGroup;
			children = (
				FA949FC326EB3ED100BAA392 /* UpComing TableView Cell */,
				FA949FC226EB3EAF00BAA392 /* NowPlaying Collection View Cell */,
			);
			path = "View Cells";
			sourceTree = "<group>";
		};
		FA949FC226EB3EAF00BAA392 /* NowPlaying Collection View Cell */ = {
			isa = PBXGroup;
			children = (
				FA949FBE26EB36CA00BAA392 /* NowPlayingCollectionViewCell.swift */,
				FA949FBF26EB36CA00BAA392 /* NowPlayingCollectionViewCell.xib */,
			);
			path = "NowPlaying Collection View Cell";
			sourceTree = "<group>";
		};
		FA949FC326EB3ED100BAA392 /* UpComing TableView Cell */ = {
			isa = PBXGroup;
			children = (
				FA949FC426EB3F3300BAA392 /* UpComingTableViewCell.swift */,
				FA949FC526EB3F3400BAA392 /* UpComingTableViewCell.xib */,
			);
			path = "UpComing TableView Cell";
			sourceTree = "<group>";
		};
		FAA4CA3326EC92A4002DCCD0 /* Protocol */ = {
			isa = PBXGroup;
			children = (
				FAA4CA3426EC92DA002DCCD0 /* MovieAPIProtocol.swift */,
			);
			path = Protocol;
			sourceTree = "<group>";
		};
		FAD4057A26EE914700873B26 /* Top Bar */ = {
			isa = PBXGroup;
			children = (
				FAD4057B26EE923B00873B26 /* NavigationBar.swift */,
				FAD4057D26EE937000873B26 /* NavigationBar.xib */,
			);
			path = "Top Bar";
			sourceTree = "<group>";
		};
		FAD4057F26EF4F7F00873B26 /* Fonts */ = {
			isa = PBXGroup;
			children = (
				FAD4058026EF4F7F00873B26 /* SF-Pro-Display-Light.otf */,
				FAD4058126EF4F7F00873B26 /* SF-Pro-Display-Regular.otf */,
				FAD4058226EF4F7F00873B26 /* SF-Pro-Display-Bold.otf */,
				FAD4058326EF4F7F00873B26 /* SF-Pro-Display-Medium.otf */,
				FAD4058526EF4F7F00873B26 /* SF-Pro-Text-Light.otf */,
				FAD4058626EF4F7F00873B26 /* SF-Pro-Display-Semibold.otf */,
				FAD4058826EF4F7F00873B26 /* SF-Pro-Text-Regular.otf */,
				FAD4058926EF4F7F00873B26 /* SF-Pro-Text-Bold.otf */,
				FAD4058A26EF4F7F00873B26 /* SF-Pro-Text-Semibold.otf */,
				FAD4058B26EF4F7F00873B26 /* SF-Pro-Text-Medium.otf */,
			);
			path = Fonts;
			sourceTree = "<group>";
		};
/* End PBXGroup section */

/* Begin PBXNativeTarget section */
		FA949ED226EA60AD00BAA392 /* MobiliumMovieAppCase */ = {
			isa = PBXNativeTarget;
			buildConfigurationList = FA949EFD26EA60B700BAA392 /* Build configuration list for PBXNativeTarget "MobiliumMovieAppCase" */;
			buildPhases = (
				FA949ECF26EA60AD00BAA392 /* Sources */,
				FA949ED026EA60AD00BAA392 /* Frameworks */,
				FA949ED126EA60AD00BAA392 /* Resources */,
			);
			buildRules = (
			);
			dependencies = (
			);
			name = MobiliumMovieAppCase;
			productName = MobiliumMovieAppCase;
			productReference = FA949ED326EA60AD00BAA392 /* MobiliumMovieAppCase.app */;
			productType = "com.apple.product-type.application";
		};
		FA949EE826EA60B700BAA392 /* MobiliumMovieAppCaseTests */ = {
			isa = PBXNativeTarget;
			buildConfigurationList = FA949F0026EA60B700BAA392 /* Build configuration list for PBXNativeTarget "MobiliumMovieAppCaseTests" */;
			buildPhases = (
				FA949EE526EA60B700BAA392 /* Sources */,
				FA949EE626EA60B700BAA392 /* Frameworks */,
				FA949EE726EA60B700BAA392 /* Resources */,
			);
			buildRules = (
			);
			dependencies = (
				FA949EEB26EA60B700BAA392 /* PBXTargetDependency */,
			);
			name = MobiliumMovieAppCaseTests;
			productName = MobiliumMovieAppCaseTests;
			productReference = FA949EE926EA60B700BAA392 /* MobiliumMovieAppCaseTests.xctest */;
			productType = "com.apple.product-type.bundle.unit-test";
		};
		FA949EF326EA60B700BAA392 /* MobiliumMovieAppCaseUITests */ = {
			isa = PBXNativeTarget;
			buildConfigurationList = FA949F0326EA60B700BAA392 /* Build configuration list for PBXNativeTarget "MobiliumMovieAppCaseUITests" */;
			buildPhases = (
				FA949EF026EA60B700BAA392 /* Sources */,
				FA949EF126EA60B700BAA392 /* Frameworks */,
				FA949EF226EA60B700BAA392 /* Resources */,
			);
			buildRules = (
			);
			dependencies = (
				FA949EF626EA60B700BAA392 /* PBXTargetDependency */,
			);
			name = MobiliumMovieAppCaseUITests;
			productName = MobiliumMovieAppCaseUITests;
			productReference = FA949EF426EA60B700BAA392 /* MobiliumMovieAppCaseUITests.xctest */;
			productType = "com.apple.product-type.bundle.ui-testing";
		};
/* End PBXNativeTarget section */

/* Begin PBXProject section */
		FA949ECB26EA60AD00BAA392 /* Project object */ = {
			isa = PBXProject;
			attributes = {
				LastSwiftUpdateCheck = 1250;
				LastUpgradeCheck = 1250;
				TargetAttributes = {
					FA949ED226EA60AD00BAA392 = {
						CreatedOnToolsVersion = 12.5;
					};
					FA949EE826EA60B700BAA392 = {
						CreatedOnToolsVersion = 12.5;
						TestTargetID = FA949ED226EA60AD00BAA392;
					};
					FA949EF326EA60B700BAA392 = {
						CreatedOnToolsVersion = 12.5;
						TestTargetID = FA949ED226EA60AD00BAA392;
					};
				};
			};
			buildConfigurationList = FA949ECE26EA60AD00BAA392 /* Build configuration list for PBXProject "MobiliumMovieAppCase" */;
			compatibilityVersion = "Xcode 9.3";
			developmentRegion = en;
			hasScannedForEncodings = 0;
			knownRegions = (
				en,
				Base,
			);
			mainGroup = FA949ECA26EA60AD00BAA392;
			productRefGroup = FA949ED426EA60AD00BAA392 /* Products */;
			projectDirPath = "";
			projectRoot = "";
			targets = (
				FA949ED226EA60AD00BAA392 /* MobiliumMovieAppCase */,
				FA949EE826EA60B700BAA392 /* MobiliumMovieAppCaseTests */,
				FA949EF326EA60B700BAA392 /* MobiliumMovieAppCaseUITests */,
			);
		};
/* End PBXProject section */

/* Begin PBXResourcesBuildPhase section */
		FA949ED126EA60AD00BAA392 /* Resources */ = {
			isa = PBXResourcesBuildPhase;
			buildActionMask = 2147483647;
			files = (
				FAD4059226EF4F8000873B26 /* SF-Pro-Display-Semibold.otf in Resources */,
				FAD4058C26EF4F8000873B26 /* SF-Pro-Display-Light.otf in Resources */,
				FAD4059526EF4F8000873B26 /* SF-Pro-Text-Bold.otf in Resources */,
				FA949EE326EA60B600BAA392 /* LaunchScreen.storyboard in Resources */,
				FAD4059126EF4F8000873B26 /* SF-Pro-Text-Light.otf in Resources */,
				FAD4058E26EF4F8000873B26 /* SF-Pro-Display-Bold.otf in Resources */,
				FAD4059426EF4F8000873B26 /* SF-Pro-Text-Regular.otf in Resources */,
				FAD4059726EF4F8000873B26 /* SF-Pro-Text-Medium.otf in Resources */,
				FAD4059626EF4F8000873B26 /* SF-Pro-Text-Semibold.otf in Resources */,
				FAD4058D26EF4F8000873B26 /* SF-Pro-Display-Regular.otf in Resources */,
				FAD4058F26EF4F8000873B26 /* SF-Pro-Display-Medium.otf in Resources */,
				FA949FC126EB36CB00BAA392 /* NowPlayingCollectionViewCell.xib in Resources */,
				FAA4CA7326ED01DD002DCCD0 /* Main.storyboard in Resources */,
				FAD4057E26EE937000873B26 /* NavigationBar.xib in Resources */,
				FA949FC726EB3F3400BAA392 /* UpComingTableViewCell.xib in Resources */,
				FA949EE026EA60B600BAA392 /* Assets.xcassets in Resources */,
			);
			runOnlyForDeploymentPostprocessing = 0;
		};
		FA949EE726EA60B700BAA392 /* Resources */ = {
			isa = PBXResourcesBuildPhase;
			buildActionMask = 2147483647;
			files = (
			);
			runOnlyForDeploymentPostprocessing = 0;
		};
		FA949EF226EA60B700BAA392 /* Resources */ = {
			isa = PBXResourcesBuildPhase;
			buildActionMask = 2147483647;
			files = (
			);
			runOnlyForDeploymentPostprocessing = 0;
		};
/* End PBXResourcesBuildPhase section */

/* Begin PBXSourcesBuildPhase section */
		FA949ECF26EA60AD00BAA392 /* Sources */ = {
			isa = PBXSourcesBuildPhase;
			buildActionMask = 2147483647;
			files = (
				FA72F04126F0B41A00AA090A /* UIView.swift in Sources */,
				FAA4CA3526EC92DA002DCCD0 /* MovieAPIProtocol.swift in Sources */,
				FA949FA426EA96D200BAA392 /* Messages.swift in Sources */,
				FA949FC026EB36CB00BAA392 /* NowPlayingCollectionViewCell.swift in Sources */,
				FAD4057726EE2B0900873B26 /* MoviesViewModel.swift in Sources */,
				FA949FC626EB3F3400BAA392 /* UpComingTableViewCell.swift in Sources */,
				FAD4057C26EE923C00873B26 /* NavigationBar.swift in Sources */,
				FA17FD3826EFAFF1008E1B8D /* WebViewController.swift in Sources */,
				FA72F04426F0C36900AA090A /* Alert.swift in Sources */,
				FAD4057926EE3FC200873B26 /* MovieDetailViewModel.swift in Sources */,
				FA949FC926EB509A00BAA392 /* UIStoryBoard.swift in Sources */,
				FA949FA226EA964A00BAA392 /* String.swift in Sources */,
				FA949F1826EA6F9600BAA392 /* DataManager.swift in Sources */,
				FA949F9F26EA94AB00BAA392 /* Parser.swift in Sources */,
				FA949ED726EA60AD00BAA392 /* AppDelegate.swift in Sources */,
				FA949F1A26EA701000BAA392 /* NetworkRequest.swift in Sources */,
				FA72F03F26F0B3D800AA090A /* ActivityIndicator.swift in Sources */,
				FA949F1C26EA702E00BAA392 /* APIConnection.swift in Sources */,
				FA949ED926EA60AD00BAA392 /* SceneDelegate.swift in Sources */,
				FA949F9D26EA826600BAA392 /* MovieDetailViewController.swift in Sources */,
				FA949FAC26EAB4EF00BAA392 /* MovieModel.swift in Sources */,
				FA949F9B26EA823B00BAA392 /* MoviesViewController.swift in Sources */,
				FAD4057026EDC53500873B26 /* ViewCell.swift in Sources */,
				FA949FBC26EB321200BAA392 /* UIViewController.swift in Sources */,
				FA949FA626EAA37100BAA392 /* Reachability.swift in Sources */,
			);
			runOnlyForDeploymentPostprocessing = 0;
		};
		FA949EE526EA60B700BAA392 /* Sources */ = {
			isa = PBXSourcesBuildPhase;
			buildActionMask = 2147483647;
			files = (
				FA949EEE26EA60B700BAA392 /* MobiliumMovieAppCaseTests.swift in Sources */,
			);
			runOnlyForDeploymentPostprocessing = 0;
		};
		FA949EF026EA60B700BAA392 /* Sources */ = {
			isa = PBXSourcesBuildPhase;
			buildActionMask = 2147483647;
			files = (
				FA949EF926EA60B700BAA392 /* MobiliumMovieAppCaseUITests.swift in Sources */,
			);
			runOnlyForDeploymentPostprocessing = 0;
		};
/* End PBXSourcesBuildPhase section */

/* Begin PBXTargetDependency section */
		FA949EEB26EA60B700BAA392 /* PBXTargetDependency */ = {
			isa = PBXTargetDependency;
			target = FA949ED226EA60AD00BAA392 /* MobiliumMovieAppCase */;
			targetProxy = FA949EEA26EA60B700BAA392 /* PBXContainerItemProxy */;
		};
		FA949EF626EA60B700BAA392 /* PBXTargetDependency */ = {
			isa = PBXTargetDependency;
			target = FA949ED226EA60AD00BAA392 /* MobiliumMovieAppCase */;
			targetProxy = FA949EF526EA60B700BAA392 /* PBXContainerItemProxy */;
		};
/* End PBXTargetDependency section */

/* Begin PBXVariantGroup section */
		FA949EE126EA60B600BAA392 /* LaunchScreen.storyboard */ = {
			isa = PBXVariantGroup;
			children = (
				FA949EE226EA60B600BAA392 /* Base */,
			);
			name = LaunchScreen.storyboard;
			sourceTree = "<group>";
		};
/* End PBXVariantGroup section */

/* Begin XCBuildConfiguration section */
		FA949EFB26EA60B700BAA392 /* Debug */ = {
			isa = XCBuildConfiguration;
			buildSettings = {
				ALWAYS_SEARCH_USER_PATHS = NO;
				CLANG_ANALYZER_NONNULL = YES;
				CLANG_ANALYZER_NUMBER_OBJECT_CONVERSION = YES_AGGRESSIVE;
				CLANG_CXX_LANGUAGE_STANDARD = "gnu++14";
				CLANG_CXX_LIBRARY = "libc++";
				CLANG_ENABLE_MODULES = YES;
				CLANG_ENABLE_OBJC_ARC = YES;
				CLANG_ENABLE_OBJC_WEAK = YES;
				CLANG_WARN_BLOCK_CAPTURE_AUTORELEASING = YES;
				CLANG_WARN_BOOL_CONVERSION = YES;
				CLANG_WARN_COMMA = YES;
				CLANG_WARN_CONSTANT_CONVERSION = YES;
				CLANG_WARN_DEPRECATED_OBJC_IMPLEMENTATIONS = YES;
				CLANG_WARN_DIRECT_OBJC_ISA_USAGE = YES_ERROR;
				CLANG_WARN_DOCUMENTATION_COMMENTS = YES;
				CLANG_WARN_EMPTY_BODY = YES;
				CLANG_WARN_ENUM_CONVERSION = YES;
				CLANG_WARN_INFINITE_RECURSION = YES;
				CLANG_WARN_INT_CONVERSION = YES;
				CLANG_WARN_NON_LITERAL_NULL_CONVERSION = YES;
				CLANG_WARN_OBJC_IMPLICIT_RETAIN_SELF = YES;
				CLANG_WARN_OBJC_LITERAL_CONVERSION = YES;
				CLANG_WARN_OBJC_ROOT_CLASS = YES_ERROR;
				CLANG_WARN_QUOTED_INCLUDE_IN_FRAMEWORK_HEADER = YES;
				CLANG_WARN_RANGE_LOOP_ANALYSIS = YES;
				CLANG_WARN_STRICT_PROTOTYPES = YES;
				CLANG_WARN_SUSPICIOUS_MOVE = YES;
				CLANG_WARN_UNGUARDED_AVAILABILITY = YES_AGGRESSIVE;
				CLANG_WARN_UNREACHABLE_CODE = YES;
				CLANG_WARN__DUPLICATE_METHOD_MATCH = YES;
				COPY_PHASE_STRIP = NO;
				DEBUG_INFORMATION_FORMAT = dwarf;
				ENABLE_STRICT_OBJC_MSGSEND = YES;
				ENABLE_TESTABILITY = YES;
				GCC_C_LANGUAGE_STANDARD = gnu11;
				GCC_DYNAMIC_NO_PIC = NO;
				GCC_NO_COMMON_BLOCKS = YES;
				GCC_OPTIMIZATION_LEVEL = 0;
				GCC_PREPROCESSOR_DEFINITIONS = (
					"DEBUG=1",
					"$(inherited)",
				);
				GCC_WARN_64_TO_32_BIT_CONVERSION = YES;
				GCC_WARN_ABOUT_RETURN_TYPE = YES_ERROR;
				GCC_WARN_UNDECLARED_SELECTOR = YES;
				GCC_WARN_UNINITIALIZED_AUTOS = YES_AGGRESSIVE;
				GCC_WARN_UNUSED_FUNCTION = YES;
				GCC_WARN_UNUSED_VARIABLE = YES;
				IPHONEOS_DEPLOYMENT_TARGET = 14.5;
				MTL_ENABLE_DEBUG_INFO = INCLUDE_SOURCE;
				MTL_FAST_MATH = YES;
				ONLY_ACTIVE_ARCH = YES;
				SDKROOT = iphoneos;
				SWIFT_ACTIVE_COMPILATION_CONDITIONS = DEBUG;
				SWIFT_OPTIMIZATION_LEVEL = "-Onone";
				SWIFT_VERSION = 5.0;
			};
			name = Debug;
		};
		FA949EFC26EA60B700BAA392 /* Release */ = {
			isa = XCBuildConfiguration;
			buildSettings = {
				ALWAYS_SEARCH_USER_PATHS = NO;
				CLANG_ANALYZER_NONNULL = YES;
				CLANG_ANALYZER_NUMBER_OBJECT_CONVERSION = YES_AGGRESSIVE;
				CLANG_CXX_LANGUAGE_STANDARD = "gnu++14";
				CLANG_CXX_LIBRARY = "libc++";
				CLANG_ENABLE_MODULES = YES;
				CLANG_ENABLE_OBJC_ARC = YES;
				CLANG_ENABLE_OBJC_WEAK = YES;
				CLANG_WARN_BLOCK_CAPTURE_AUTORELEASING = YES;
				CLANG_WARN_BOOL_CONVERSION = YES;
				CLANG_WARN_COMMA = YES;
				CLANG_WARN_CONSTANT_CONVERSION = YES;
				CLANG_WARN_DEPRECATED_OBJC_IMPLEMENTATIONS = YES;
				CLANG_WARN_DIRECT_OBJC_ISA_USAGE = YES_ERROR;
				CLANG_WARN_DOCUMENTATION_COMMENTS = YES;
				CLANG_WARN_EMPTY_BODY = YES;
				CLANG_WARN_ENUM_CONVERSION = YES;
				CLANG_WARN_INFINITE_RECURSION = YES;
				CLANG_WARN_INT_CONVERSION = YES;
				CLANG_WARN_NON_LITERAL_NULL_CONVERSION = YES;
				CLANG_WARN_OBJC_IMPLICIT_RETAIN_SELF = YES;
				CLANG_WARN_OBJC_LITERAL_CONVERSION = YES;
				CLANG_WARN_OBJC_ROOT_CLASS = YES_ERROR;
				CLANG_WARN_QUOTED_INCLUDE_IN_FRAMEWORK_HEADER = YES;
				CLANG_WARN_RANGE_LOOP_ANALYSIS = YES;
				CLANG_WARN_STRICT_PROTOTYPES = YES;
				CLANG_WARN_SUSPICIOUS_MOVE = YES;
				CLANG_WARN_UNGUARDED_AVAILABILITY = YES_AGGRESSIVE;
				CLANG_WARN_UNREACHABLE_CODE = YES;
				CLANG_WARN__DUPLICATE_METHOD_MATCH = YES;
				COPY_PHASE_STRIP = NO;
				DEBUG_INFORMATION_FORMAT = "dwarf-with-dsym";
				ENABLE_NS_ASSERTIONS = NO;
				ENABLE_STRICT_OBJC_MSGSEND = YES;
				GCC_C_LANGUAGE_STANDARD = gnu11;
				GCC_NO_COMMON_BLOCKS = YES;
				GCC_WARN_64_TO_32_BIT_CONVERSION = YES;
				GCC_WARN_ABOUT_RETURN_TYPE = YES_ERROR;
				GCC_WARN_UNDECLARED_SELECTOR = YES;
				GCC_WARN_UNINITIALIZED_AUTOS = YES_AGGRESSIVE;
				GCC_WARN_UNUSED_FUNCTION = YES;
				GCC_WARN_UNUSED_VARIABLE = YES;
				IPHONEOS_DEPLOYMENT_TARGET = 14.5;
				MTL_ENABLE_DEBUG_INFO = NO;
				MTL_FAST_MATH = YES;
				SDKROOT = iphoneos;
				SWIFT_COMPILATION_MODE = wholemodule;
				SWIFT_OPTIMIZATION_LEVEL = "-O";
				SWIFT_VERSION = 5.0;
				VALIDATE_PRODUCT = YES;
			};
			name = Release;
		};
		FA949EFE26EA60B700BAA392 /* Debug */ = {
			isa = XCBuildConfiguration;
			buildSettings = {
				ASSETCATALOG_COMPILER_APPICON_NAME = AppIcon;
				ASSETCATALOG_COMPILER_GLOBAL_ACCENT_COLOR_NAME = AccentColor;
				CODE_SIGN_STYLE = Automatic;
				INFOPLIST_FILE = "MobiliumMovieAppCase/Supporting Files/Info.plist";
				LD_RUNPATH_SEARCH_PATHS = (
					"$(inherited)",
					"@executable_path/Frameworks",
				);
				PRODUCT_BUNDLE_IDENTIFIER = com.MovieAppCase.MobiliumMovieAppCase;
				PRODUCT_NAME = "$(TARGET_NAME)";
				SWIFT_VERSION = 5.0;
				TARGETED_DEVICE_FAMILY = "1,2";
			};
			name = Debug;
		};
		FA949EFF26EA60B700BAA392 /* Release */ = {
			isa = XCBuildConfiguration;
			buildSettings = {
				ASSETCATALOG_COMPILER_APPICON_NAME = AppIcon;
				ASSETCATALOG_COMPILER_GLOBAL_ACCENT_COLOR_NAME = AccentColor;
				CODE_SIGN_STYLE = Automatic;
				INFOPLIST_FILE = "MobiliumMovieAppCase/Supporting Files/Info.plist";
				LD_RUNPATH_SEARCH_PATHS = (
					"$(inherited)",
					"@executable_path/Frameworks",
				);
				PRODUCT_BUNDLE_IDENTIFIER = com.MovieAppCase.MobiliumMovieAppCase;
				PRODUCT_NAME = "$(TARGET_NAME)";
				SWIFT_VERSION = 5.0;
				TARGETED_DEVICE_FAMILY = "1,2";
			};
			name = Release;
		};
		FA949F0126EA60B700BAA392 /* Debug */ = {
			isa = XCBuildConfiguration;
			buildSettings = {
				ALWAYS_EMBED_SWIFT_STANDARD_LIBRARIES = YES;
				BUNDLE_LOADER = "$(TEST_HOST)";
				CODE_SIGN_STYLE = Automatic;
				INFOPLIST_FILE = MobiliumMovieAppCaseTests/Info.plist;
				IPHONEOS_DEPLOYMENT_TARGET = 14.5;
				LD_RUNPATH_SEARCH_PATHS = (
					"$(inherited)",
					"@executable_path/Frameworks",
					"@loader_path/Frameworks",
				);
				PRODUCT_BUNDLE_IDENTIFIER = com.MovieAppCase.MobiliumMovieAppCaseTests;
				PRODUCT_NAME = "$(TARGET_NAME)";
				SWIFT_VERSION = 5.0;
				TARGETED_DEVICE_FAMILY = "1,2";
				TEST_HOST = "$(BUILT_PRODUCTS_DIR)/MobiliumMovieAppCase.app/MobiliumMovieAppCase";
			};
			name = Debug;
		};
		FA949F0226EA60B700BAA392 /* Release */ = {
			isa = XCBuildConfiguration;
			buildSettings = {
				ALWAYS_EMBED_SWIFT_STANDARD_LIBRARIES = YES;
				BUNDLE_LOADER = "$(TEST_HOST)";
				CODE_SIGN_STYLE = Automatic;
				INFOPLIST_FILE = MobiliumMovieAppCaseTests/Info.plist;
				IPHONEOS_DEPLOYMENT_TARGET = 14.5;
				LD_RUNPATH_SEARCH_PATHS = (
					"$(inherited)",
					"@executable_path/Frameworks",
					"@loader_path/Frameworks",
				);
				PRODUCT_BUNDLE_IDENTIFIER = com.MovieAppCase.MobiliumMovieAppCaseTests;
				PRODUCT_NAME = "$(TARGET_NAME)";
				SWIFT_VERSION = 5.0;
				TARGETED_DEVICE_FAMILY = "1,2";
				TEST_HOST = "$(BUILT_PRODUCTS_DIR)/MobiliumMovieAppCase.app/MobiliumMovieAppCase";
			};
			name = Release;
		};
		FA949F0426EA60B700BAA392 /* Debug */ = {
			isa = XCBuildConfiguration;
			buildSettings = {
				ALWAYS_EMBED_SWIFT_STANDARD_LIBRARIES = YES;
				CODE_SIGN_STYLE = Automatic;
				INFOPLIST_FILE = MobiliumMovieAppCaseUITests/Info.plist;
				LD_RUNPATH_SEARCH_PATHS = (
					"$(inherited)",
					"@executable_path/Frameworks",
					"@loader_path/Frameworks",
				);
				PRODUCT_BUNDLE_IDENTIFIER = com.MovieAppCase.MobiliumMovieAppCaseUITests;
				PRODUCT_NAME = "$(TARGET_NAME)";
				SWIFT_VERSION = 5.0;
				TARGETED_DEVICE_FAMILY = "1,2";
				TEST_TARGET_NAME = MobiliumMovieAppCase;
			};
			name = Debug;
		};
		FA949F0526EA60B700BAA392 /* Release */ = {
			isa = XCBuildConfiguration;
			buildSettings = {
				ALWAYS_EMBED_SWIFT_STANDARD_LIBRARIES = YES;
				CODE_SIGN_STYLE = Automatic;
				INFOPLIST_FILE = MobiliumMovieAppCaseUITests/Info.plist;
				LD_RUNPATH_SEARCH_PATHS = (
					"$(inherited)",
					"@executable_path/Frameworks",
					"@loader_path/Frameworks",
				);
				PRODUCT_BUNDLE_IDENTIFIER = com.MovieAppCase.MobiliumMovieAppCaseUITests;
				PRODUCT_NAME = "$(TARGET_NAME)";
				SWIFT_VERSION = 5.0;
				TARGETED_DEVICE_FAMILY = "1,2";
				TEST_TARGET_NAME = MobiliumMovieAppCase;
			};
			name = Release;
		};
/* End XCBuildConfiguration section */

/* Begin XCConfigurationList section */
		FA949ECE26EA60AD00BAA392 /* Build configuration list for PBXProject "MobiliumMovieAppCase" */ = {
			isa = XCConfigurationList;
			buildConfigurations = (
				FA949EFB26EA60B700BAA392 /* Debug */,
				FA949EFC26EA60B700BAA392 /* Release */,
			);
			defaultConfigurationIsVisible = 0;
			defaultConfigurationName = Release;
		};
		FA949EFD26EA60B700BAA392 /* Build configuration list for PBXNativeTarget "MobiliumMovieAppCase" */ = {
			isa = XCConfigurationList;
			buildConfigurations = (
				FA949EFE26EA60B700BAA392 /* Debug */,
				FA949EFF26EA60B700BAA392 /* Release */,
			);
			defaultConfigurationIsVisible = 0;
			defaultConfigurationName = Release;
		};
		FA949F0026EA60B700BAA392 /* Build configuration list for PBXNativeTarget "MobiliumMovieAppCaseTests" */ = {
			isa = XCConfigurationList;
			buildConfigurations = (
				FA949F0126EA60B700BAA392 /* Debug */,
				FA949F0226EA60B700BAA392 /* Release */,
			);
			defaultConfigurationIsVisible = 0;
			defaultConfigurationName = Release;
		};
		FA949F0326EA60B700BAA392 /* Build configuration list for PBXNativeTarget "MobiliumMovieAppCaseUITests" */ = {
			isa = XCConfigurationList;
			buildConfigurations = (
				FA949F0426EA60B700BAA392 /* Debug */,
				FA949F0526EA60B700BAA392 /* Release */,
			);
			defaultConfigurationIsVisible = 0;
			defaultConfigurationName = Release;
		};
/* End XCConfigurationList section */
	};
	rootObject = FA949ECB26EA60AD00BAA392 /* Project object */;
}
